
Microsoft Visual Studio Solution File, Format Version 12.00
# Visual Studio Version 17
VisualStudioVersion = 17.9.34622.214
MinimumVisualStudioVersion = 10.0.40219.1
Project("{9A19103F-16F7-4668-BE54-9A1E7A4F7556}") = "Domain", "Domain\Domain.csproj", "{8337BBBD-0451-4FDC-9C72-71630A5461F2}"
EndProject
Project("{9A19103F-16F7-4668-BE54-9A1E7A4F7556}") = "Repository", "Repository\Repository.csproj", "{651841B3-EB22-437A-9174-3631E9AC1331}"
EndProject
Project("{9A19103F-16F7-4668-BE54-9A1E7A4F7556}") = "Service", "Service\Service.csproj", "{6BAB79FE-023F-4A3C-9A9A-8CA54BBBECA4}"
EndProject
Project("{9A19103F-16F7-4668-BE54-9A1E7A4F7556}") = "Hero.API", "Hero.API\Hero.API.csproj", "{0C6E1B0B-FADB-4912-A525-AD4F5C5B1DED}"
EndProject
Global
	GlobalSection(SolutionConfigurationPlatforms) = preSolution
		Debug|Any CPU = Debug|Any CPU
		Release|Any CPU = Release|Any CPU
	EndGlobalSection
	GlobalSection(ProjectConfigurationPlatforms) = postSolution
		{8337BBBD-0451-4FDC-9C72-71630A5461F2}.Debug|Any CPU.ActiveCfg = Debug|Any CPU
		{8337BBBD-0451-4FDC-9C72-71630A5461F2}.Debug|Any CPU.Build.0 = Debug|Any CPU
		{8337BBBD-0451-4FDC-9C72-71630A5461F2}.Release|Any CPU.ActiveCfg = Release|Any CPU
		{8337BBBD-0451-4FDC-9C72-71630A5461F2}.Release|Any CPU.Build.0 = Release|Any CPU
		{651841B3-EB22-437A-9174-3631E9AC1331}.Debug|Any CPU.ActiveCfg = Debug|Any CPU
		{651841B3-EB22-437A-9174-3631E9AC1331}.Debug|Any CPU.Build.0 = Debug|Any CPU
		{651841B3-EB22-437A-9174-3631E9AC1331}.Release|Any CPU.ActiveCfg = Release|Any CPU
		{651841B3-EB22-437A-9174-3631E9AC1331}.Release|Any CPU.Build.0 = Release|Any CPU
		{6BAB79FE-023F-4A3C-9A9A-8CA54BBBECA4}.Debug|Any CPU.ActiveCfg = Debug|Any CPU
		{6BAB79FE-023F-4A3C-9A9A-8CA54BBBECA4}.Debug|Any CPU.Build.0 = Debug|Any CPU
		{6BAB79FE-023F-4A3C-9A9A-8CA54BBBECA4}.Release|Any CPU.ActiveCfg = Release|Any CPU
		{6BAB79FE-023F-4A3C-9A9A-8CA54BBBECA4}.Release|Any CPU.Build.0 = Release|Any CPU
		{0C6E1B0B-FADB-4912-A525-AD4F5C5B1DED}.Debug|Any CPU.ActiveCfg = Debug|Any CPU
		{0C6E1B0B-FADB-4912-A525-AD4F5C5B1DED}.Debug|Any CPU.Build.0 = Debug|Any CPU
		{0C6E1B0B-FADB-4912-A525-AD4F5C5B1DED}.Release|Any CPU.ActiveCfg = Release|Any CPU
		{0C6E1B0B-FADB-4912-A525-AD4F5C5B1DED}.Release|Any CPU.Build.0 = Release|Any CPU
	EndGlobalSection
	GlobalSection(SolutionProperties) = preSolution
		HideSolutionNode = FALSE
	EndGlobalSection
	GlobalSection(ExtensibilityGlobals) = postSolution
		SolutionGuid = {3A38F011-9C24-450E-AFCA-4AE10479ED71}
	EndGlobalSection
EndGlobal
